# This file is automatically @generated by Cargo.
# It is not intended for manual editing.
version = 4

[[package]]
name = "jungle-core"
version = "0.1.0"

[[package]]
name = "jungle-persist"
version = "0.1.0"

[[package]]
name = "jungle-proto"
version = "0.1.0"

[[package]]
name = "jungle-sdk"
version = "0.1.0"

[[package]]
name = "jungle-server"
version = "0.1.0"

[[package]]
name = "jungle-viewer"
version = "0.1.0"
